{
  "name": "killawat",
  "version": "0.0.29",
  "lockfileVersion": 2,
  "requires": true,
  "packages": {
    "": {
      "version": "0.0.29",
      "license": "MIT",
      "dependencies": {
        "binaryen": "^101.0.0"
      },
      "bin": {
        "kwc": "bin/kwc"
      }
    },
    "node_modules/binaryen": {
      "version": "101.0.0",
      "resolved": "https://registry.npmjs.org/binaryen/-/binaryen-101.0.0.tgz",
      "integrity": "sha512-FRmVxvrR8jtcf0qcukNAPZDM3dZ2sc9GmA/hKxBI7k3fFzREKh1cAs+ruQi+ITTKz7u/AuFMuVnbJwTh0ef/HQ==",
      "bin": {
        "wasm-opt": "bin/wasm-opt"
      }
    }
  },
  "dependencies": {
    "binaryen": {
      "version": "101.0.0",
      "resolved": "https://registry.npmjs.org/binaryen/-/binaryen-101.0.0.tgz",
      "integrity": "sha512-FRmVxvrR8jtcf0qcukNAPZDM3dZ2sc9GmA/hKxBI7k3fFzREKh1cAs+ruQi+ITTKz7u/AuFMuVnbJwTh0ef/HQ=="
    }
  }
}
